
Microsoft Visual Studio Solution File, Format Version 12.00
# Visual Studio Version 17
VisualStudioVersion = 17.14.36301.6 d17.14
MinimumVisualStudioVersion = 10.0.40219.1
Project("{FAE04EC0-301F-11D3-BF4B-00C04F79EFBC}") = "SoftwareLayeredArchituctre_HospitalManagementSystem", "SoftwareLayeredArchituctre_HospitalManagementSystem.csproj", "{AFEA27E1-FCD0-4FB4-B122-ED253AF512A4}"
EndProject
Global
	GlobalSection(SolutionConfigurationPlatforms) = preSolution
		Debug|Any CPU = Debug|Any CPU
		Release|Any CPU = Release|Any CPU
	EndGlobalSection
	GlobalSection(ProjectConfigurationPlatforms) = postSolution
		{AFEA27E1-FCD0-4FB4-B122-ED253AF512A4}.Debug|Any CPU.ActiveCfg = Debug|Any CPU
		{AFEA27E1-FCD0-4FB4-B122-ED253AF512A4}.Debug|Any CPU.Build.0 = Debug|Any CPU
		{AFEA27E1-FCD0-4FB4-B122-ED253AF512A4}.Release|Any CPU.ActiveCfg = Release|Any CPU
		{AFEA27E1-FCD0-4FB4-B122-ED253AF512A4}.Release|Any CPU.Build.0 = Release|Any CPU
	EndGlobalSection
	GlobalSection(SolutionProperties) = preSolution
		HideSolutionNode = FALSE
	EndGlobalSection
	GlobalSection(ExtensibilityGlobals) = postSolution
		SolutionGuid = {4D61FCC9-9D1D-409E-B8C7-25B50E45CF04}
	EndGlobalSection
EndGlobal
